
Microsoft Visual Studio Solution File, Format Version 12.00
# Visual Studio Version 17
VisualStudioVersion = 17.1.32328.378
MinimumVisualStudioVersion = 10.0.40219.1
Project("{FAE04EC0-301F-11D3-BF4B-00C04F79EFBC}") = "POS_Accessories", "POS_Accessories\POS_Accessories.csproj", "{8C08FC48-5003-4244-99D8-4558F9C8F523}"
EndProject
Global
	GlobalSection(SolutionConfigurationPlatforms) = preSolution
		Debug|Any CPU = Debug|Any CPU
		Release|Any CPU = Release|Any CPU
	EndGlobalSection
	GlobalSection(ProjectConfigurationPlatforms) = postSolution
		{8C08FC48-5003-4244-99D8-4558F9C8F523}.Debug|Any CPU.ActiveCfg = Debug|Any CPU
		{8C08FC48-5003-4244-99D8-4558F9C8F523}.Debug|Any CPU.Build.0 = Debug|Any CPU
		{8C08FC48-5003-4244-99D8-4558F9C8F523}.Release|Any CPU.ActiveCfg = Release|Any CPU
		{8C08FC48-5003-4244-99D8-4558F9C8F523}.Release|Any CPU.Build.0 = Release|Any CPU
	EndGlobalSection
	GlobalSection(SolutionProperties) = preSolution
		HideSolutionNode = FALSE
	EndGlobalSection
	GlobalSection(ExtensibilityGlobals) = postSolution
		SolutionGuid = {CBAE8E67-2D27-4F07-BBB3-14BE10B331E8}
	EndGlobalSection
EndGlobal
